PODS:
  - Cartography (0.6.0)
  - M13OrderedDictionary (1.1.0)
  - ObjectiveDDP (0.1.8):
    - M13OrderedDictionary
    - SocketRocket (= 0.3.1-beta2)
  - SocketRocket (0.3.1-beta2)

DEPENDENCIES:
  - Cartography
  - ObjectiveDDP

SPEC CHECKSUMS:
  Cartography: 70af183a248547694a8cfaa6b989cb7e04589985
  M13OrderedDictionary: 6e157fe9c82aa6b3cd7198f5c5c30c7a6834c4a6
  ObjectiveDDP: 87609d002487bdb2e81b460de707b684551c04de
  SocketRocket: 7284ab9370a06c99aba92b2fe3a32aedd0f9a6fa

COCOAPODS: 0.39.0
