// !$*UTF8*$!
{
	archiveVersion = 1;
	classes = {
	};
	objectVersion = 46;
	objects = {

/* Begin PBXBuildFile section */
		000BAD6A398F6FFD91553071 /* Pods.framework in Frameworks */ = {isa = PBXBuildFile; fileRef = 3E78896499E2ED1EC33B5837 /* Pods.framework */; };
		1CC6D61D1C2BAA8900293FD5 /* AppDelegate.swift in Sources */ = {isa = PBXBuildFile; fileRef = 1CC6D61C1C2BAA8900293FD5 /* AppDelegate.swift */; };
		1CC6D6241C2BAA8A00293FD5 /* Assets.xcassets in Resources */ = {isa = PBXBuildFile; fileRef = 1CC6D6231C2BAA8A00293FD5 /* Assets.xcassets */; };
		1CC6D6271C2BAA8A00293FD5 /* LaunchScreen.storyboard in Resources */ = {isa = PBXBuildFile; fileRef = 1CC6D6251C2BAA8A00293FD5 /* LaunchScreen.storyboard */; };
		1CC6D6321C2BAA8C00293FD5 /* nakama_iosTests.swift in Sources */ = {isa = PBXBuildFile; fileRef = 1CC6D6311C2BAA8C00293FD5 /* nakama_iosTests.swift */; };
		1CC6D63D1C2BAA8C00293FD5 /* nakama_iosUITests.swift in Sources */ = {isa = PBXBuildFile; fileRef = 1CC6D63C1C2BAA8C00293FD5 /* nakama_iosUITests.swift */; };
		AA2A17501C55CFF4004E121E /* HPViewController.swift in Sources */ = {isa = PBXBuildFile; fileRef = AA2A174E1C55CFF4004E121E /* HPViewController.swift */; };
		AA2A17511C55CFF4004E121E /* HPViewController.xib in Resources */ = {isa = PBXBuildFile; fileRef = AA2A174F1C55CFF4004E121E /* HPViewController.xib */; };
		AAE69E9F1C5E8EFC00DA938F /* bridge.m in Sources */ = {isa = PBXBuildFile; fileRef = AAE69E9E1C5E8EFB00DA938F /* bridge.m */; };
/* End PBXBuildFile section */

/* Begin PBXContainerItemProxy section */
		1CC6D62E1C2BAA8C00293FD5 /* PBXContainerItemProxy */ = {
			isa = PBXContainerItemProxy;
			containerPortal = 1CC6D6111C2BAA8800293FD5 /* Project object */;
			proxyType = 1;
			remoteGlobalIDString = 1CC6D6181C2BAA8900293FD5;
			remoteInfo = "nakama-ios";
		};
		1CC6D6391C2BAA8C00293FD5 /* PBXContainerItemProxy */ = {
			isa = PBXContainerItemProxy;
			containerPortal = 1CC6D6111C2BAA8800293FD5 /* Project object */;
			proxyType = 1;
			remoteGlobalIDString = 1CC6D6181C2BAA8900293FD5;
			remoteInfo = "nakama-ios";
		};
/* End PBXContainerItemProxy section */

/* Begin PBXFileReference section */
		1CC6D6191C2BAA8900293FD5 /* nakama-ios.app */ = {isa = PBXFileReference; explicitFileType = wrapper.application; includeInIndex = 0; path = "nakama-ios.app"; sourceTree = BUILT_PRODUCTS_DIR; };
		1CC6D61C1C2BAA8900293FD5 /* AppDelegate.swift */ = {isa = PBXFileReference; lastKnownFileType = sourcecode.swift; name = AppDelegate.swift; path = ../AppDelegate.swift; sourceTree = "<group>"; };
		1CC6D6231C2BAA8A00293FD5 /* Assets.xcassets */ = {isa = PBXFileReference; lastKnownFileType = folder.assetcatalog; path = Assets.xcassets; sourceTree = "<group>"; };
		1CC6D6261C2BAA8A00293FD5 /* Base */ = {isa = PBXFileReference; lastKnownFileType = file.storyboard; name = Base; path = Base.lproj/LaunchScreen.storyboard; sourceTree = "<group>"; };
		1CC6D6281C2BAA8A00293FD5 /* Info.plist */ = {isa = PBXFileReference; lastKnownFileType = text.plist.xml; path = Info.plist; sourceTree = "<group>"; };
		1CC6D62D1C2BAA8C00293FD5 /* nakama-iosTests.xctest */ = {isa = PBXFileReference; explicitFileType = wrapper.cfbundle; includeInIndex = 0; path = "nakama-iosTests.xctest"; sourceTree = BUILT_PRODUCTS_DIR; };
		1CC6D6311C2BAA8C00293FD5 /* nakama_iosTests.swift */ = {isa = PBXFileReference; lastKnownFileType = sourcecode.swift; path = nakama_iosTests.swift; sourceTree = "<group>"; };
		1CC6D6331C2BAA8C00293FD5 /* Info.plist */ = {isa = PBXFileReference; lastKnownFileType = text.plist.xml; path = Info.plist; sourceTree = "<group>"; };
		1CC6D6381C2BAA8C00293FD5 /* nakama-iosUITests.xctest */ = {isa = PBXFileReference; explicitFileType = wrapper.cfbundle; includeInIndex = 0; path = "nakama-iosUITests.xctest"; sourceTree = BUILT_PRODUCTS_DIR; };
		1CC6D63C1C2BAA8C00293FD5 /* nakama_iosUITests.swift */ = {isa = PBXFileReference; lastKnownFileType = sourcecode.swift; path = nakama_iosUITests.swift; sourceTree = "<group>"; };
		1CC6D63E1C2BAA8C00293FD5 /* Info.plist */ = {isa = PBXFileReference; lastKnownFileType = text.plist.xml; path = Info.plist; sourceTree = "<group>"; };
		3E78896499E2ED1EC33B5837 /* Pods.framework */ = {isa = PBXFileReference; explicitFileType = wrapper.framework; includeInIndex = 0; path = Pods.framework; sourceTree = BUILT_PRODUCTS_DIR; };
		9CC17C74A7298743270EFDAA /* Pods.release.xcconfig */ = {isa = PBXFileReference; includeInIndex = 1; lastKnownFileType = text.xcconfig; name = Pods.release.xcconfig; path = "Pods/Target Support Files/Pods/Pods.release.xcconfig"; sourceTree = "<group>"; };
		AA2A174E1C55CFF4004E121E /* HPViewController.swift */ = {isa = PBXFileReference; fileEncoding = 4; lastKnownFileType = sourcecode.swift; path = HPViewController.swift; sourceTree = "<group>"; };
		AA2A174F1C55CFF4004E121E /* HPViewController.xib */ = {isa = PBXFileReference; fileEncoding = 4; lastKnownFileType = file.xib; path = HPViewController.xib; sourceTree = "<group>"; };
		AAE69E9D1C5E8EFB00DA938F /* nakama-ios-Bridging-Header.h */ = {isa = PBXFileReference; lastKnownFileType = sourcecode.c.h; path = "nakama-ios-Bridging-Header.h"; sourceTree = "<group>"; };
		AAE69E9E1C5E8EFB00DA938F /* bridge.m */ = {isa = PBXFileReference; fileEncoding = 4; lastKnownFileType = sourcecode.c.objc; path = bridge.m; sourceTree = "<group>"; };
		EC295F2410CA3E9EC7920CEA /* Pods.debug.xcconfig */ = {isa = PBXFileReference; includeInIndex = 1; lastKnownFileType = text.xcconfig; name = Pods.debug.xcconfig; path = "Pods/Target Support Files/Pods/Pods.debug.xcconfig"; sourceTree = "<group>"; };
/* End PBXFileReference section */

/* Begin PBXFrameworksBuildPhase section */
		1CC6D6161C2BAA8900293FD5 /* Frameworks */ = {
			isa = PBXFrameworksBuildPhase;
			buildActionMask = 2147483647;
			files = (
				000BAD6A398F6FFD91553071 /* Pods.framework in Frameworks */,
			);
			runOnlyForDeploymentPostprocessing = 0;
		};
		1CC6D62A1C2BAA8C00293FD5 /* Frameworks */ = {
			isa = PBXFrameworksBuildPhase;
			buildActionMask = 2147483647;
			files = (
			);
			runOnlyForDeploymentPostprocessing = 0;
		};
		1CC6D6351C2BAA8C00293FD5 /* Frameworks */ = {
			isa = PBXFrameworksBuildPhase;
			buildActionMask = 2147483647;
			files = (
			);
			runOnlyForDeploymentPostprocessing = 0;
		};
/* End PBXFrameworksBuildPhase section */

/* Begin PBXGroup section */
		1CC6D6101C2BAA8800293FD5 = {
			isa = PBXGroup;
			children = (
				1CC6D61B1C2BAA8900293FD5 /* nakama-ios */,
				1CC6D6301C2BAA8C00293FD5 /* nakama-iosTests */,
				1CC6D63B1C2BAA8C00293FD5 /* nakama-iosUITests */,
				1CC6D61A1C2BAA8900293FD5 /* Products */,
				F8EF450FA252AA9662667C40 /* Pods */,
				A4729569864423FD0EACFB4F /* Frameworks */,
				AAE69E9D1C5E8EFB00DA938F /* nakama-ios-Bridging-Header.h */,
				AAE69E9E1C5E8EFB00DA938F /* bridge.m */,
			);
			sourceTree = "<group>";
		};
		1CC6D61A1C2BAA8900293FD5 /* Products */ = {
			isa = PBXGroup;
			children = (
				1CC6D6191C2BAA8900293FD5 /* nakama-ios.app */,
				1CC6D62D1C2BAA8C00293FD5 /* nakama-iosTests.xctest */,
				1CC6D6381C2BAA8C00293FD5 /* nakama-iosUITests.xctest */,
			);
			name = Products;
			sourceTree = "<group>";
		};
		1CC6D61B1C2BAA8900293FD5 /* nakama-ios */ = {
			isa = PBXGroup;
			children = (
				AA2A174D1C55CFB7004E121E /* Models */,
				AA2A174C1C55CFB2004E121E /* Views */,
				AA2A174B1C55CFA9004E121E /* Controllers */,
				AA2A174A1C55CFA4004E121E /* Extensions */,
				1CC6D6231C2BAA8A00293FD5 /* Assets.xcassets */,
				1CC6D6251C2BAA8A00293FD5 /* LaunchScreen.storyboard */,
				1CC6D6281C2BAA8A00293FD5 /* Info.plist */,
			);
			path = "nakama-ios";
			sourceTree = "<group>";
		};
		1CC6D6301C2BAA8C00293FD5 /* nakama-iosTests */ = {
			isa = PBXGroup;
			children = (
				1CC6D6311C2BAA8C00293FD5 /* nakama_iosTests.swift */,
				1CC6D6331C2BAA8C00293FD5 /* Info.plist */,
			);
			path = "nakama-iosTests";
			sourceTree = "<group>";
		};
		1CC6D63B1C2BAA8C00293FD5 /* nakama-iosUITests */ = {
			isa = PBXGroup;
			children = (
				1CC6D63C1C2BAA8C00293FD5 /* nakama_iosUITests.swift */,
				1CC6D63E1C2BAA8C00293FD5 /* Info.plist */,
			);
			path = "nakama-iosUITests";
			sourceTree = "<group>";
		};
		A4729569864423FD0EACFB4F /* Frameworks */ = {
			isa = PBXGroup;
			children = (
				3E78896499E2ED1EC33B5837 /* Pods.framework */,
			);
			name = Frameworks;
			sourceTree = "<group>";
		};
		AA2A174A1C55CFA4004E121E /* Extensions */ = {
			isa = PBXGroup;
			children = (
			);
			path = Extensions;
			sourceTree = "<group>";
		};
		AA2A174B1C55CFA9004E121E /* Controllers */ = {
			isa = PBXGroup;
			children = (
				1CC6D61C1C2BAA8900293FD5 /* AppDelegate.swift */,
				AA2A174E1C55CFF4004E121E /* HPViewController.swift */,
				AA2A174F1C55CFF4004E121E /* HPViewController.xib */,
			);
			path = Controllers;
			sourceTree = "<group>";
		};
		AA2A174C1C55CFB2004E121E /* Views */ = {
			isa = PBXGroup;
			children = (
			);
			path = Views;
			sourceTree = "<group>";
		};
		AA2A174D1C55CFB7004E121E /* Models */ = {
			isa = PBXGroup;
			children = (
			);
			path = Models;
			sourceTree = "<group>";
		};
		F8EF450FA252AA9662667C40 /* Pods */ = {
			isa = PBXGroup;
			children = (
				EC295F2410CA3E9EC7920CEA /* Pods.debug.xcconfig */,
				9CC17C74A7298743270EFDAA /* Pods.release.xcconfig */,
			);
			name = Pods;
			sourceTree = "<group>";
		};
/* End PBXGroup section */

/* Begin PBXNativeTarget section */
		1CC6D6181C2BAA8900293FD5 /* nakama-ios */ = {
			isa = PBXNativeTarget;
			buildConfigurationList = 1CC6D6411C2BAA8C00293FD5 /* Build configuration list for PBXNativeTarget "nakama-ios" */;
			buildPhases = (
				364D0E2BCA697D0D26E8D6F6 /* Check Pods Manifest.lock */,
				1CC6D6151C2BAA8900293FD5 /* Sources */,
				1CC6D6161C2BAA8900293FD5 /* Frameworks */,
				1CC6D6171C2BAA8900293FD5 /* Resources */,
				EE0C64F4724AF79AD44763C0 /* Embed Pods Frameworks */,
				545DFDE8C5FCEED5B2224AAD /* Copy Pods Resources */,
			);
			buildRules = (
			);
			dependencies = (
			);
			name = "nakama-ios";
			productName = "nakama-ios";
			productReference = 1CC6D6191C2BAA8900293FD5 /* nakama-ios.app */;
			productType = "com.apple.product-type.application";
		};
		1CC6D62C1C2BAA8C00293FD5 /* nakama-iosTests */ = {
			isa = PBXNativeTarget;
			buildConfigurationList = 1CC6D6441C2BAA8C00293FD5 /* Build configuration list for PBXNativeTarget "nakama-iosTests" */;
			buildPhases = (
				1CC6D6291C2BAA8C00293FD5 /* Sources */,
				1CC6D62A1C2BAA8C00293FD5 /* Frameworks */,
				1CC6D62B1C2BAA8C00293FD5 /* Resources */,
			);
			buildRules = (
			);
			dependencies = (
				1CC6D62F1C2BAA8C00293FD5 /* PBXTargetDependency */,
			);
			name = "nakama-iosTests";
			productName = "nakama-iosTests";
			productReference = 1CC6D62D1C2BAA8C00293FD5 /* nakama-iosTests.xctest */;
			productType = "com.apple.product-type.bundle.unit-test";
		};
		1CC6D6371C2BAA8C00293FD5 /* nakama-iosUITests */ = {
			isa = PBXNativeTarget;
			buildConfigurationList = 1CC6D6471C2BAA8C00293FD5 /* Build configuration list for PBXNativeTarget "nakama-iosUITests" */;
			buildPhases = (
				1CC6D6341C2BAA8C00293FD5 /* Sources */,
				1CC6D6351C2BAA8C00293FD5 /* Frameworks */,
				1CC6D6361C2BAA8C00293FD5 /* Resources */,
			);
			buildRules = (
			);
			dependencies = (
				1CC6D63A1C2BAA8C00293FD5 /* PBXTargetDependency */,
			);
			name = "nakama-iosUITests";
			productName = "nakama-iosUITests";
			productReference = 1CC6D6381C2BAA8C00293FD5 /* nakama-iosUITests.xctest */;
			productType = "com.apple.product-type.bundle.ui-testing";
		};
/* End PBXNativeTarget section */

/* Begin PBXProject section */
		1CC6D6111C2BAA8800293FD5 /* Project object */ = {
			isa = PBXProject;
			attributes = {
				LastSwiftUpdateCheck = 0720;
				LastUpgradeCheck = 0720;
				ORGANIZATIONNAME = "Nakama Project";
				TargetAttributes = {
					1CC6D6181C2BAA8900293FD5 = {
						CreatedOnToolsVersion = 7.2;
						DevelopmentTeam = BZ9DUKLT3Q;
					};
					1CC6D62C1C2BAA8C00293FD5 = {
						CreatedOnToolsVersion = 7.2;
						DevelopmentTeam = BZ9DUKLT3Q;
						TestTargetID = 1CC6D6181C2BAA8900293FD5;
					};
					1CC6D6371C2BAA8C00293FD5 = {
						CreatedOnToolsVersion = 7.2;
						DevelopmentTeam = BZ9DUKLT3Q;
						TestTargetID = 1CC6D6181C2BAA8900293FD5;
					};
				};
			};
			buildConfigurationList = 1CC6D6141C2BAA8800293FD5 /* Build configuration list for PBXProject "nakama-ios" */;
			compatibilityVersion = "Xcode 3.2";
			developmentRegion = English;
			hasScannedForEncodings = 0;
			knownRegions = (
				en,
				Base,
			);
			mainGroup = 1CC6D6101C2BAA8800293FD5;
			productRefGroup = 1CC6D61A1C2BAA8900293FD5 /* Products */;
			projectDirPath = "";
			projectRoot = "";
			targets = (
				1CC6D6181C2BAA8900293FD5 /* nakama-ios */,
				1CC6D62C1C2BAA8C00293FD5 /* nakama-iosTests */,
				1CC6D6371C2BAA8C00293FD5 /* nakama-iosUITests */,
			);
		};
/* End PBXProject section */

/* Begin PBXResourcesBuildPhase section */
		1CC6D6171C2BAA8900293FD5 /* Resources */ = {
			isa = PBXResourcesBuildPhase;
			buildActionMask = 2147483647;
			files = (
				AA2A17511C55CFF4004E121E /* HPViewController.xib in Resources */,
				1CC6D6271C2BAA8A00293FD5 /* LaunchScreen.storyboard in Resources */,
				1CC6D6241C2BAA8A00293FD5 /* Assets.xcassets in Resources */,
			);
			runOnlyForDeploymentPostprocessing = 0;
		};
		1CC6D62B1C2BAA8C00293FD5 /* Resources */ = {
			isa = PBXResourcesBuildPhase;
			buildActionMask = 2147483647;
			files = (
			);
			runOnlyForDeploymentPostprocessing = 0;
		};
		1CC6D6361C2BAA8C00293FD5 /* Resources */ = {
			isa = PBXResourcesBuildPhase;
			buildActionMask = 2147483647;
			files = (
			);
			runOnlyForDeploymentPostprocessing = 0;
		};
/* End PBXResourcesBuildPhase section */

/* Begin PBXShellScriptBuildPhase section */
		364D0E2BCA697D0D26E8D6F6 /* Check Pods Manifest.lock */ = {
			isa = PBXShellScriptBuildPhase;
			buildActionMask = 2147483647;
			files = (
			);
			inputPaths = (
			);
			name = "Check Pods Manifest.lock";
			outputPaths = (
			);
			runOnlyForDeploymentPostprocessing = 0;
			shellPath = /bin/sh;
			shellScript = "diff \"${PODS_ROOT}/../Podfile.lock\" \"${PODS_ROOT}/Manifest.lock\" > /dev/null\nif [[ $? != 0 ]] ; then\n    cat << EOM\nerror: The sandbox is not in sync with the Podfile.lock. Run 'pod install' or update your CocoaPods installation.\nEOM\n    exit 1\nfi\n";
			showEnvVarsInLog = 0;
		};
		545DFDE8C5FCEED5B2224AAD /* Copy Pods Resources */ = {
			isa = PBXShellScriptBuildPhase;
			buildActionMask = 2147483647;
			files = (
			);
			inputPaths = (
			);
			name = "Copy Pods Resources";
			outputPaths = (
			);
			runOnlyForDeploymentPostprocessing = 0;
			shellPath = /bin/sh;
			shellScript = "\"${SRCROOT}/Pods/Target Support Files/Pods/Pods-resources.sh\"\n";
			showEnvVarsInLog = 0;
		};
		EE0C64F4724AF79AD44763C0 /* Embed Pods Frameworks */ = {
			isa = PBXShellScriptBuildPhase;
			buildActionMask = 2147483647;
			files = (
			);
			inputPaths = (
			);
			name = "Embed Pods Frameworks";
			outputPaths = (
			);
			runOnlyForDeploymentPostprocessing = 0;
			shellPath = /bin/sh;
			shellScript = "\"${SRCROOT}/Pods/Target Support Files/Pods/Pods-frameworks.sh\"\n";
			showEnvVarsInLog = 0;
		};
/* End PBXShellScriptBuildPhase section */

/* Begin PBXSourcesBuildPhase section */
		1CC6D6151C2BAA8900293FD5 /* Sources */ = {
			isa = PBXSourcesBuildPhase;
			buildActionMask = 2147483647;
			files = (
				AAE69E9F1C5E8EFC00DA938F /* bridge.m in Sources */,
				AA2A17501C55CFF4004E121E /* HPViewController.swift in Sources */,
				1CC6D61D1C2BAA8900293FD5 /* AppDelegate.swift in Sources */,
			);
			runOnlyForDeploymentPostprocessing = 0;
		};
		1CC6D6291C2BAA8C00293FD5 /* Sources */ = {
			isa = PBXSourcesBuildPhase;
			buildActionMask = 2147483647;
			files = (
				1CC6D6321C2BAA8C00293FD5 /* nakama_iosTests.swift in Sources */,
			);
			runOnlyForDeploymentPostprocessing = 0;
		};
		1CC6D6341C2BAA8C00293FD5 /* Sources */ = {
			isa = PBXSourcesBuildPhase;
			buildActionMask = 2147483647;
			files = (
				1CC6D63D1C2BAA8C00293FD5 /* nakama_iosUITests.swift in Sources */,
			);
			runOnlyForDeploymentPostprocessing = 0;
		};
/* End PBXSourcesBuildPhase section */

/* Begin PBXTargetDependency section */
		1CC6D62F1C2BAA8C00293FD5 /* PBXTargetDependency */ = {
			isa = PBXTargetDependency;
			target = 1CC6D6181C2BAA8900293FD5 /* nakama-ios */;
			targetProxy = 1CC6D62E1C2BAA8C00293FD5 /* PBXContainerItemProxy */;
		};
		1CC6D63A1C2BAA8C00293FD5 /* PBXTargetDependency */ = {
			isa = PBXTargetDependency;
			target = 1CC6D6181C2BAA8900293FD5 /* nakama-ios */;
			targetProxy = 1CC6D6391C2BAA8C00293FD5 /* PBXContainerItemProxy */;
		};
/* End PBXTargetDependency section */

/* Begin PBXVariantGroup section */
		1CC6D6251C2BAA8A00293FD5 /* LaunchScreen.storyboard */ = {
			isa = PBXVariantGroup;
			children = (
				1CC6D6261C2BAA8A00293FD5 /* Base */,
			);
			name = LaunchScreen.storyboard;
			sourceTree = "<group>";
		};
/* End PBXVariantGroup section */

/* Begin XCBuildConfiguration section */
		1CC6D63F1C2BAA8C00293FD5 /* Debug */ = {
			isa = XCBuildConfiguration;
			buildSettings = {
				ALWAYS_SEARCH_USER_PATHS = NO;
				CLANG_CXX_LANGUAGE_STANDARD = "gnu++0x";
				CLANG_CXX_LIBRARY = "libc++";
				CLANG_ENABLE_MODULES = YES;
				CLANG_ENABLE_OBJC_ARC = YES;
				CLANG_WARN_BOOL_CONVERSION = YES;
				CLANG_WARN_CONSTANT_CONVERSION = YES;
				CLANG_WARN_DIRECT_OBJC_ISA_USAGE = YES_ERROR;
				CLANG_WARN_EMPTY_BODY = YES;
				CLANG_WARN_ENUM_CONVERSION = YES;
				CLANG_WARN_INT_CONVERSION = YES;
				CLANG_WARN_OBJC_ROOT_CLASS = YES_ERROR;
				CLANG_WARN_UNREACHABLE_CODE = YES;
				CLANG_WARN__DUPLICATE_METHOD_MATCH = YES;
				"CODE_SIGN_IDENTITY[sdk=iphoneos*]" = "iPhone Developer";
				COPY_PHASE_STRIP = NO;
				DEBUG_INFORMATION_FORMAT = dwarf;
				ENABLE_STRICT_OBJC_MSGSEND = YES;
				ENABLE_TESTABILITY = YES;
				GCC_C_LANGUAGE_STANDARD = gnu99;
				GCC_DYNAMIC_NO_PIC = NO;
				GCC_NO_COMMON_BLOCKS = YES;
				GCC_OPTIMIZATION_LEVEL = 0;
				GCC_PREPROCESSOR_DEFINITIONS = (
					"DEBUG=1",
					"$(inherited)",
				);
				GCC_WARN_64_TO_32_BIT_CONVERSION = YES;
				GCC_WARN_ABOUT_RETURN_TYPE = YES_ERROR;
				GCC_WARN_UNDECLARED_SELECTOR = YES;
				GCC_WARN_UNINITIALIZED_AUTOS = YES_AGGRESSIVE;
				GCC_WARN_UNUSED_FUNCTION = YES;
				GCC_WARN_UNUSED_VARIABLE = YES;
				IPHONEOS_DEPLOYMENT_TARGET = 9.2;
				MTL_ENABLE_DEBUG_INFO = YES;
				ONLY_ACTIVE_ARCH = YES;
				SDKROOT = iphoneos;
				SWIFT_OPTIMIZATION_LEVEL = "-Onone";
				TARGETED_DEVICE_FAMILY = "1,2";
			};
			name = Debug;
		};
		1CC6D6401C2BAA8C00293FD5 /* Release */ = {
			isa = XCBuildConfiguration;
			buildSettings = {
				ALWAYS_SEARCH_USER_PATHS = NO;
				CLANG_CXX_LANGUAGE_STANDARD = "gnu++0x";
				CLANG_CXX_LIBRARY = "libc++";
				CLANG_ENABLE_MODULES = YES;
				CLANG_ENABLE_OBJC_ARC = YES;
				CLANG_WARN_BOOL_CONVERSION = YES;
				CLANG_WARN_CONSTANT_CONVERSION = YES;
				CLANG_WARN_DIRECT_OBJC_ISA_USAGE = YES_ERROR;
				CLANG_WARN_EMPTY_BODY = YES;
				CLANG_WARN_ENUM_CONVERSION = YES;
				CLANG_WARN_INT_CONVERSION = YES;
				CLANG_WARN_OBJC_ROOT_CLASS = YES_ERROR;
				CLANG_WARN_UNREACHABLE_CODE = YES;
				CLANG_WARN__DUPLICATE_METHOD_MATCH = YES;
				"CODE_SIGN_IDENTITY[sdk=iphoneos*]" = "iPhone Developer";
				COPY_PHASE_STRIP = NO;
				DEBUG_INFORMATION_FORMAT = "dwarf-with-dsym";
				ENABLE_NS_ASSERTIONS = NO;
				ENABLE_STRICT_OBJC_MSGSEND = YES;
				GCC_C_LANGUAGE_STANDARD = gnu99;
				GCC_NO_COMMON_BLOCKS = YES;
				GCC_WARN_64_TO_32_BIT_CONVERSION = YES;
				GCC_WARN_ABOUT_RETURN_TYPE = YES_ERROR;
				GCC_WARN_UNDECLARED_SELECTOR = YES;
				GCC_WARN_UNINITIALIZED_AUTOS = YES_AGGRESSIVE;
				GCC_WARN_UNUSED_FUNCTION = YES;
				GCC_WARN_UNUSED_VARIABLE = YES;
				IPHONEOS_DEPLOYMENT_TARGET = 9.2;
				MTL_ENABLE_DEBUG_INFO = NO;
				SDKROOT = iphoneos;
				TARGETED_DEVICE_FAMILY = "1,2";
				VALIDATE_PRODUCT = YES;
			};
			name = Release;
		};
		1CC6D6421C2BAA8C00293FD5 /* Debug */ = {
			isa = XCBuildConfiguration;
			baseConfigurationReference = EC295F2410CA3E9EC7920CEA /* Pods.debug.xcconfig */;
			buildSettings = {
				ASSETCATALOG_COMPILER_APPICON_NAME = AppIcon;
				CLANG_ENABLE_MODULES = YES;
				INFOPLIST_FILE = "nakama-ios/Info.plist";
				IPHONEOS_DEPLOYMENT_TARGET = 8.0;
				LD_RUNPATH_SEARCH_PATHS = "$(inherited) @executable_path/Frameworks";
				PRODUCT_BUNDLE_IDENTIFIER = "com.nakamaproject.awong.nakama-ios";
				PRODUCT_NAME = "$(TARGET_NAME)";
				SWIFT_OBJC_BRIDGING_HEADER = "nakama-ios-Bridging-Header.h";
				SWIFT_OPTIMIZATION_LEVEL = "-Onone";
			};
			name = Debug;
		};
		1CC6D6431C2BAA8C00293FD5 /* Release */ = {
			isa = XCBuildConfiguration;
			baseConfigurationReference = 9CC17C74A7298743270EFDAA /* Pods.release.xcconfig */;
			buildSettings = {
				ASSETCATALOG_COMPILER_APPICON_NAME = AppIcon;
				CLANG_ENABLE_MODULES = YES;
				INFOPLIST_FILE = "nakama-ios/Info.plist";
				IPHONEOS_DEPLOYMENT_TARGET = 8.0;
				LD_RUNPATH_SEARCH_PATHS = "$(inherited) @executable_path/Frameworks";
				PRODUCT_BUNDLE_IDENTIFIER = "com.nakamaproject.awong.nakama-ios";
				PRODUCT_NAME = "$(TARGET_NAME)";
				SWIFT_OBJC_BRIDGING_HEADER = "nakama-ios-Bridging-Header.h";
			};
			name = Release;
		};
		1CC6D6451C2BAA8C00293FD5 /* Debug */ = {
			isa = XCBuildConfiguration;
			buildSettings = {
				BUNDLE_LOADER = "$(TEST_HOST)";
				INFOPLIST_FILE = "nakama-iosTests/Info.plist";
				LD_RUNPATH_SEARCH_PATHS = "$(inherited) @executable_path/Frameworks @loader_path/Frameworks";
				PRODUCT_BUNDLE_IDENTIFIER = "com.nakamaproject.awong.nakama-iosTests";
				PRODUCT_NAME = "$(TARGET_NAME)";
				TEST_HOST = "$(BUILT_PRODUCTS_DIR)/nakama-ios.app/nakama-ios";
			};
			name = Debug;
		};
		1CC6D6461C2BAA8C00293FD5 /* Release */ = {
			isa = XCBuildConfiguration;
			buildSettings = {
				BUNDLE_LOADER = "$(TEST_HOST)";
				INFOPLIST_FILE = "nakama-iosTests/Info.plist";
				LD_RUNPATH_SEARCH_PATHS = "$(inherited) @executable_path/Frameworks @loader_path/Frameworks";
				PRODUCT_BUNDLE_IDENTIFIER = "com.nakamaproject.awong.nakama-iosTests";
				PRODUCT_NAME = "$(TARGET_NAME)";
				TEST_HOST = "$(BUILT_PRODUCTS_DIR)/nakama-ios.app/nakama-ios";
			};
			name = Release;
		};
		1CC6D6481C2BAA8C00293FD5 /* Debug */ = {
			isa = XCBuildConfiguration;
			buildSettings = {
				INFOPLIST_FILE = "nakama-iosUITests/Info.plist";
				LD_RUNPATH_SEARCH_PATHS = "$(inherited) @executable_path/Frameworks @loader_path/Frameworks";
				PRODUCT_BUNDLE_IDENTIFIER = "com.nakamaproject.awong.nakama-iosUITests";
				PRODUCT_NAME = "$(TARGET_NAME)";
				TEST_TARGET_NAME = "nakama-ios";
				USES_XCTRUNNER = YES;
			};
			name = Debug;
		};
		1CC6D6491C2BAA8C00293FD5 /* Release */ = {
			isa = XCBuildConfiguration;
			buildSettings = {
				INFOPLIST_FILE = "nakama-iosUITests/Info.plist";
				LD_RUNPATH_SEARCH_PATHS = "$(inherited) @executable_path/Frameworks @loader_path/Frameworks";
				PRODUCT_BUNDLE_IDENTIFIER = "com.nakamaproject.awong.nakama-iosUITests";
				PRODUCT_NAME = "$(TARGET_NAME)";
				TEST_TARGET_NAME = "nakama-ios";
				USES_XCTRUNNER = YES;
			};
			name = Release;
		};
/* End XCBuildConfiguration section */

/* Begin XCConfigurationList section */
		1CC6D6141C2BAA8800293FD5 /* Build configuration list for PBXProject "nakama-ios" */ = {
			isa = XCConfigurationList;
			buildConfigurations = (
				1CC6D63F1C2BAA8C00293FD5 /* Debug */,
				1CC6D6401C2BAA8C00293FD5 /* Release */,
			);
			defaultConfigurationIsVisible = 0;
			defaultConfigurationName = Release;
		};
		1CC6D6411C2BAA8C00293FD5 /* Build configuration list for PBXNativeTarget "nakama-ios" */ = {
			isa = XCConfigurationList;
			buildConfigurations = (
				1CC6D6421C2BAA8C00293FD5 /* Debug */,
				1CC6D6431C2BAA8C00293FD5 /* Release */,
			);
			defaultConfigurationIsVisible = 0;
			defaultConfigurationName = Release;
		};
		1CC6D6441C2BAA8C00293FD5 /* Build configuration list for PBXNativeTarget "nakama-iosTests" */ = {
			isa = XCConfigurationList;
			buildConfigurations = (
				1CC6D6451C2BAA8C00293FD5 /* Debug */,
				1CC6D6461C2BAA8C00293FD5 /* Release */,
			);
			defaultConfigurationIsVisible = 0;
			defaultConfigurationName = Release;
		};
		1CC6D6471C2BAA8C00293FD5 /* Build configuration list for PBXNativeTarget "nakama-iosUITests" */ = {
			isa = XCConfigurationList;
			buildConfigurations = (
				1CC6D6481C2BAA8C00293FD5 /* Debug */,
				1CC6D6491C2BAA8C00293FD5 /* Release */,
			);
			defaultConfigurationIsVisible = 0;
			defaultConfigurationName = Release;
		};
/* End XCConfigurationList section */
	};
	rootObject = 1CC6D6111C2BAA8800293FD5 /* Project object */;
}
